// !$*UTF8*$!
{
	archiveVersion = 1;
	classes = {
	};
	objectVersion = 56;
	objects = {

/* Begin PBXBuildFile section */
		1B368E432BD88D0300E10464 /* FirebaseAnalytics in Frameworks */ = {isa = PBXBuildFile; productRef = 1B368E422BD88D0300E10464 /* FirebaseAnalytics */; };
		1B368E452BD88D0300E10464 /* FirebaseAnalyticsSwift in Frameworks */ = {isa = PBXBuildFile; productRef = 1B368E442BD88D0300E10464 /* FirebaseAnalyticsSwift */; };
		1B368E472BD88D0300E10464 /* FirebaseAppCheck in Frameworks */ = {isa = PBXBuildFile; productRef = 1B368E462BD88D0300E10464 /* FirebaseAppCheck */; };
		1B368E492BD88D0300E10464 /* FirebaseAuth in Frameworks */ = {isa = PBXBuildFile; productRef = 1B368E482BD88D0300E10464 /* FirebaseAuth */; };
		1B368E4B2BD88D0300E10464 /* FirebaseCrashlytics in Frameworks */ = {isa = PBXBuildFile; productRef = 1B368E4A2BD88D0300E10464 /* FirebaseCrashlytics */; };
		1B368E4D2BD88D0300E10464 /* FirebaseDatabase in Frameworks */ = {isa = PBXBuildFile; productRef = 1B368E4C2BD88D0300E10464 /* FirebaseDatabase */; };
		1B368E4F2BD88D0300E10464 /* FirebaseDatabaseSwift in Frameworks */ = {isa = PBXBuildFile; productRef = 1B368E4E2BD88D0300E10464 /* FirebaseDatabaseSwift */; };
		1B368E512BD88D0300E10464 /* FirebaseFirestore in Frameworks */ = {isa = PBXBuildFile; productRef = 1B368E502BD88D0300E10464 /* FirebaseFirestore */; };
		1B368E532BD88D0300E10464 /* FirebaseFirestoreSwift in Frameworks */ = {isa = PBXBuildFile; productRef = 1B368E522BD88D0300E10464 /* FirebaseFirestoreSwift */; };
		1B368E552BD88D0300E10464 /* FirebasePerformance in Frameworks */ = {isa = PBXBuildFile; productRef = 1B368E542BD88D0300E10464 /* FirebasePerformance */; };
		1B368E572BD88D0300E10464 /* FirebaseStorage in Frameworks */ = {isa = PBXBuildFile; productRef = 1B368E562BD88D0300E10464 /* FirebaseStorage */; };
		1B368E5A2BD8921400E10464 /* GoogleSignIn in Frameworks */ = {isa = PBXBuildFile; productRef = 1B368E592BD8921400E10464 /* GoogleSignIn */; };
		1B368E5C2BD8921400E10464 /* GoogleSignInSwift in Frameworks */ = {isa = PBXBuildFile; productRef = 1B368E5B2BD8921400E10464 /* GoogleSignInSwift */; };
		1B368E5F2BD8940F00E10464 /* GoogleMobileAds in Frameworks */ = {isa = PBXBuildFile; productRef = 1B368E5E2BD8940F00E10464 /* GoogleMobileAds */; };
		1B368E622BD8960700E10464 /* ActivityIndicatorView in Frameworks */ = {isa = PBXBuildFile; productRef = 1B368E612BD8960700E10464 /* ActivityIndicatorView */; };
		1B368E652BD898A400E10464 /* CachedAsyncImage in Frameworks */ = {isa = PBXBuildFile; productRef = 1B368E642BD898A400E10464 /* CachedAsyncImage */; };
		1B368E682BD898BD00E10464 /* Marquee in Frameworks */ = {isa = PBXBuildFile; productRef = 1B368E672BD898BD00E10464 /* Marquee */; };
		1B368E6A2BD89C8300E10464 /* HTML in Resources */ = {isa = PBXBuildFile; fileRef = 1B368E692BD89C8300E10464 /* HTML */; };
		1B368E782BD89E5E00E10464 /* AccountModel.swift in Sources */ = {isa = PBXBuildFile; fileRef = 1B368E6E2BD89E5E00E10464 /* AccountModel.swift */; };
		1B368E792BD89E5E00E10464 /* CodeImageCacheModel.swift in Sources */ = {isa = PBXBuildFile; fileRef = 1B368E6F2BD89E5E00E10464 /* CodeImageCacheModel.swift */; };
		1B368E7A2BD89E5E00E10464 /* CodeModel.swift in Sources */ = {isa = PBXBuildFile; fileRef = 1B368E702BD89E5E00E10464 /* CodeModel.swift */; };
		1B368E7B2BD89E5E00E10464 /* ColorModel.swift in Sources */ = {isa = PBXBuildFile; fileRef = 1B368E712BD89E5E00E10464 /* ColorModel.swift */; };
		1B368E7C2BD89E5E00E10464 /* ContactModel.swift in Sources */ = {isa = PBXBuildFile; fileRef = 1B368E722BD89E5E00E10464 /* ContactModel.swift */; };
		1B368E7D2BD89E5E00E10464 /* DynamicColorModel.swift in Sources */ = {isa = PBXBuildFile; fileRef = 1B368E732BD89E5E00E10464 /* DynamicColorModel.swift */; };
		1B368E7E2BD89E5E00E10464 /* PointModel.swift in Sources */ = {isa = PBXBuildFile; fileRef = 1B368E742BD89E5E00E10464 /* PointModel.swift */; };
		1B368E7F2BD89E5E00E10464 /* TagModel.swift in Sources */ = {isa = PBXBuildFile; fileRef = 1B368E752BD89E5E00E10464 /* TagModel.swift */; };
		1B368E802BD89E5E00E10464 /* ThemeModel.swift in Sources */ = {isa = PBXBuildFile; fileRef = 1B368E762BD89E5E00E10464 /* ThemeModel.swift */; };
		1B368E822BD89E8C00E10464 /* CodeGenerator.swift in Sources */ = {isa = PBXBuildFile; fileRef = 1B368E812BD89E8B00E10464 /* CodeGenerator.swift */; };
		1B368E842BD89EBA00E10464 /* Localizable.xcstrings in Resources */ = {isa = PBXBuildFile; fileRef = 1B368E832BD89EBA00E10464 /* Localizable.xcstrings */; };
		1B368E862BD89ECB00E10464 /* ThemeManager.swift in Sources */ = {isa = PBXBuildFile; fileRef = 1B368E852BD89ECB00E10464 /* ThemeManager.swift */; };
		1B368ECB2BD8A09E00E10464 /* AdLoader.swift in Sources */ = {isa = PBXBuildFile; fileRef = 1B368EC12BD8A09E00E10464 /* AdLoader.swift */; };
		1B368ECC2BD8A09E00E10464 /* GADNativeAd+Extensions.swift in Sources */ = {isa = PBXBuildFile; fileRef = 1B368EC22BD8A09E00E10464 /* GADNativeAd+Extensions.swift */; };
		1B368ECD2BD8A09E00E10464 /* NativeAdView.swift in Sources */ = {isa = PBXBuildFile; fileRef = 1B368EC32BD8A09E00E10464 /* NativeAdView.swift */; };
		1B368ECE2BD8A09E00E10464 /* UnifiedNativeAdView.swift in Sources */ = {isa = PBXBuildFile; fileRef = 1B368EC42BD8A09E00E10464 /* UnifiedNativeAdView.swift */; };
		1B368ECF2BD8A09E00E10464 /* UnifiedNativeAdView.xib in Resources */ = {isa = PBXBuildFile; fileRef = 1B368EC52BD8A09E00E10464 /* UnifiedNativeAdView.xib */; };
		1B368ED02BD8A09E00E10464 /* AdIDs.swift in Sources */ = {isa = PBXBuildFile; fileRef = 1B368EC72BD8A09E00E10464 /* AdIDs.swift */; };
		1B368ED12BD8A09E00E10464 /* GoogleAd.swift in Sources */ = {isa = PBXBuildFile; fileRef = 1B368EC82BD8A09E00E10464 /* GoogleAd.swift */; };
		1B368ED22BD8A09E00E10464 /* GoogleAdPrompt.swift in Sources */ = {isa = PBXBuildFile; fileRef = 1B368EC92BD8A09E00E10464 /* GoogleAdPrompt.swift */; };
		1B368ED42BD8A1A300E10464 /* Notification.Name+Extensions.swift in Sources */ = {isa = PBXBuildFile; fileRef = 1B368ED32BD8A1A300E10464 /* Notification.Name+Extensions.swift */; };
		1B368ED72BD8A23E00E10464 /* FirebaseFirestoreHelper.swift in Sources */ = {isa = PBXBuildFile; fileRef = 1B368ED52BD8A23E00E10464 /* FirebaseFirestoreHelper.swift */; };
		1B368ED92BD8A27400E10464 /* CustomError.swift in Sources */ = {isa = PBXBuildFile; fileRef = 1B368ED82BD8A27400E10464 /* CustomError.swift */; };
		1B368EDB2BD8A27C00E10464 /* AuthManager.swift in Sources */ = {isa = PBXBuildFile; fileRef = 1B368EDA2BD8A27C00E10464 /* AuthManager.swift */; };
		1B368EDD2BD8D2A100E10464 /* GoogleService-Info.plist in Resources */ = {isa = PBXBuildFile; fileRef = 1B368EDC2BD8D2A100E10464 /* GoogleService-Info.plist */; };
		1B9B2E552BD8F57200E5FDCC /* Launch Screen.storyboard in Resources */ = {isa = PBXBuildFile; fileRef = 1B9B2E542BD8F57200E5FDCC /* Launch Screen.storyboard */; };
		1BA57F282BD8D92B00332FE1 /* ImageTextView.swift in Sources */ = {isa = PBXBuildFile; fileRef = 1BA57F272BD8D92B00332FE1 /* ImageTextView.swift */; };
		1BA57F2A2BD8DD6C00332FE1 /* PointHistoryView.swift in Sources */ = {isa = PBXBuildFile; fileRef = 1BA57F292BD8DD6C00332FE1 /* PointHistoryView.swift */; };
		1BA57F2D2BD8DD9300332FE1 /* PointDescriptionView.swift in Sources */ = {isa = PBXBuildFile; fileRef = 1BA57F2B2BD8DD9300332FE1 /* PointDescriptionView.swift */; };
		1BA57F2E2BD8DD9300332FE1 /* PointHistoryCombineView.swift in Sources */ = {isa = PBXBuildFile; fileRef = 1BA57F2C2BD8DD9300332FE1 /* PointHistoryCombineView.swift */; };
		1BA57F302BD8DF3A00332FE1 /* WebView.swift in Sources */ = {isa = PBXBuildFile; fileRef = 1BA57F2F2BD8DF3A00332FE1 /* WebView.swift */; };
		1BA57F322BD8E86500332FE1 /* AuthorizationButton.swift in Sources */ = {isa = PBXBuildFile; fileRef = 1BA57F312BD8E86500332FE1 /* AuthorizationButton.swift */; };
		1BA57F342BD8E88C00332FE1 /* RoundedTextView.swift in Sources */ = {isa = PBXBuildFile; fileRef = 1BA57F332BD8E88C00332FE1 /* RoundedTextView.swift */; };
		1BA57F362BD8E89400332FE1 /* CheckboxView.swift in Sources */ = {isa = PBXBuildFile; fileRef = 1BA57F352BD8E89400332FE1 /* CheckboxView.swift */; };
		1BA57F4C2BD8E8BC00332FE1 /* CodeListView.swift in Sources */ = {isa = PBXBuildFile; fileRef = 1BA57F372BD8E8BA00332FE1 /* CodeListView.swift */; };
		1BA57F4D2BD8E8BC00332FE1 /* CodeDetailView.swift in Sources */ = {isa = PBXBuildFile; fileRef = 1BA57F382BD8E8BA00332FE1 /* CodeDetailView.swift */; };
		1BA57F4E2BD8E8BC00332FE1 /* TagInputView.swift in Sources */ = {isa = PBXBuildFile; fileRef = 1BA57F392BD8E8BA00332FE1 /* TagInputView.swift */; };
		1BA57F4F2BD8E8BC00332FE1 /* ThemeListView.swift in Sources */ = {isa = PBXBuildFile; fileRef = 1BA57F3A2BD8E8BA00332FE1 /* ThemeListView.swift */; };
		1BA57F502BD8E8BC00332FE1 /* MakeQRCodeView.swift in Sources */ = {isa = PBXBuildFile; fileRef = 1BA57F3B2BD8E8BA00332FE1 /* MakeQRCodeView.swift */; };
		1BA57F512BD8E8BC00332FE1 /* ScrollTabBarView.swift in Sources */ = {isa = PBXBuildFile; fileRef = 1BA57F3C2BD8E8BA00332FE1 /* ScrollTabBarView.swift */; };
		1BA57F522BD8E8BC00332FE1 /* TagCloudView.swift in Sources */ = {isa = PBXBuildFile; fileRef = 1BA57F3D2BD8E8BA00332FE1 /* TagCloudView.swift */; };
		1BA57F532BD8E8BC00332FE1 /* TableRowView.swift in Sources */ = {isa = PBXBuildFile; fileRef = 1BA57F3E2BD8E8BA00332FE1 /* TableRowView.swift */; };
		1BA57F542BD8E8BC00332FE1 /* HomeView.swift in Sources */ = {isa = PBXBuildFile; fileRef = 1BA57F3F2BD8E8BA00332FE1 /* HomeView.swift */; };
		1BA57F552BD8E8BC00332FE1 /* SignInView.swift in Sources */ = {isa = PBXBuildFile; fileRef = 1BA57F402BD8E8BB00332FE1 /* SignInView.swift */; };
		1BA57F562BD8E8BC00332FE1 /* ThemeColorSettingView.swift in Sources */ = {isa = PBXBuildFile; fileRef = 1BA57F412BD8E8BB00332FE1 /* ThemeColorSettingView.swift */; };
		1BA57F572BD8E8BC00332FE1 /* ConatctInputView.swift in Sources */ = {isa = PBXBuildFile; fileRef = 1BA57F422BD8E8BB00332FE1 /* ConatctInputView.swift */; };
		1BA57F582BD8E8BC00332FE1 /* ColorPickerView.swift in Sources */ = {isa = PBXBuildFile; fileRef = 1BA57F432BD8E8BB00332FE1 /* ColorPickerView.swift */; };
		1BA57F592BD8E8BC00332FE1 /* ScrollSelectButtonView.swift in Sources */ = {isa = PBXBuildFile; fileRef = 1BA57F442BD8E8BB00332FE1 /* ScrollSelectButtonView.swift */; };
		1BA57F5A2BD8E8BC00332FE1 /* TextFieldView.swift in Sources */ = {isa = PBXBuildFile; fileRef = 1BA57F452BD8E8BB00332FE1 /* TextFieldView.swift */; };
		1BA57F5B2BD8E8BC00332FE1 /* FavoriteCodeListScrollView.swift in Sources */ = {isa = PBXBuildFile; fileRef = 1BA57F462BD8E8BB00332FE1 /* FavoriteCodeListScrollView.swift */; };
		1BA57F5C2BD8E8BC00332FE1 /* MakeBarCodeView.swift in Sources */ = {isa = PBXBuildFile; fileRef = 1BA57F472BD8E8BB00332FE1 /* MakeBarCodeView.swift */; };
		1BA57F5D2BD8E8BC00332FE1 /* CodeView.swift in Sources */ = {isa = PBXBuildFile; fileRef = 1BA57F482BD8E8BB00332FE1 /* CodeView.swift */; };
		1BA57F5E2BD8E8BC00332FE1 /* DeleteAccountConfirmView.swift in Sources */ = {isa = PBXBuildFile; fileRef = 1BA57F492BD8E8BB00332FE1 /* DeleteAccountConfirmView.swift */; };
		1BA57F5F2BD8E8BC00332FE1 /* AppTitleView.swift in Sources */ = {isa = PBXBuildFile; fileRef = 1BA57F4A2BD8E8BB00332FE1 /* AppTitleView.swift */; };
		1BA57F602BD8E8BC00332FE1 /* ThemeSettingView.swift in Sources */ = {isa = PBXBuildFile; fileRef = 1BA57F4B2BD8E8BC00332FE1 /* ThemeSettingView.swift */; };
		1BA57F632BD8E90600332FE1 /* ActivityView in Frameworks */ = {isa = PBXBuildFile; productRef = 1BA57F622BD8E90600332FE1 /* ActivityView */; };
		1BA57F662BD8EC2200332FE1 /* SwiftUIFlowLayout in Frameworks */ = {isa = PBXBuildFile; productRef = 1BA57F652BD8EC2200332FE1 /* SwiftUIFlowLayout */; };
		1BF9FDDF2BD77A7A00135E83 /* QrcodeGenerator2App.swift in Sources */ = {isa = PBXBuildFile; fileRef = 1BF9FDDE2BD77A7A00135E83 /* QrcodeGenerator2App.swift */; };
		1BF9FDE12BD77A7A00135E83 /* ContentView.swift in Sources */ = {isa = PBXBuildFile; fileRef = 1BF9FDE02BD77A7A00135E83 /* ContentView.swift */; };
		1BF9FDE32BD77A7C00135E83 /* Assets.xcassets in Resources */ = {isa = PBXBuildFile; fileRef = 1BF9FDE22BD77A7C00135E83 /* Assets.xcassets */; };
		1BF9FDE62BD77A7C00135E83 /* Preview Assets.xcassets in Resources */ = {isa = PBXBuildFile; fileRef = 1BF9FDE52BD77A7C00135E83 /* Preview Assets.xcassets */; };
		1BF9FDF52BD77B4900135E83 /* Color+Extensions.swift in Sources */ = {isa = PBXBuildFile; fileRef = 1BF9FDEC2BD77B4900135E83 /* Color+Extensions.swift */; };
		1BF9FDF62BD77B4900135E83 /* Date+Extensions.swift in Sources */ = {isa = PBXBuildFile; fileRef = 1BF9FDED2BD77B4900135E83 /* Date+Extensions.swift */; };
		1BF9FDF72BD77B4900135E83 /* Realm.Object+Extensions.swift in Sources */ = {isa = PBXBuildFile; fileRef = 1BF9FDEE2BD77B4900135E83 /* Realm.Object+Extensions.swift */; };
		1BF9FDF82BD77B4900135E83 /* Realm+Extensions.swift in Sources */ = {isa = PBXBuildFile; fileRef = 1BF9FDEF2BD77B4900135E83 /* Realm+Extensions.swift */; };
		1BF9FDF92BD77B4900135E83 /* String+Extensions.swift in Sources */ = {isa = PBXBuildFile; fileRef = 1BF9FDF02BD77B4900135E83 /* String+Extensions.swift */; };
		1BF9FDFA2BD77B4900135E83 /* UIApplication+Extensions.swift in Sources */ = {isa = PBXBuildFile; fileRef = 1BF9FDF12BD77B4900135E83 /* UIApplication+Extensions.swift */; };
		1BF9FDFB2BD77B4900135E83 /* URL+Extensions.swift in Sources */ = {isa = PBXBuildFile; fileRef = 1BF9FDF22BD77B4900135E83 /* URL+Extensions.swift */; };
		1BF9FDFC2BD77B4900135E83 /* View+Extensions.swift in Sources */ = {isa = PBXBuildFile; fileRef = 1BF9FDF32BD77B4900135E83 /* View+Extensions.swift */; };
		1BF9FDFF2BD77B9E00135E83 /* Realm in Frameworks */ = {isa = PBXBuildFile; productRef = 1BF9FDFE2BD77B9E00135E83 /* Realm */; };
		1BF9FE012BD77B9E00135E83 /* RealmSwift in Frameworks */ = {isa = PBXBuildFile; productRef = 1BF9FE002BD77B9E00135E83 /* RealmSwift */; };
/* End PBXBuildFile section */

/* Begin PBXFileReference section */
		1B368E692BD89C8300E10464 /* HTML */ = {isa = PBXFileReference; lastKnownFileType = folder; path = HTML; sourceTree = "<group>"; };
		1B368E6E2BD89E5E00E10464 /* AccountModel.swift */ = {isa = PBXFileReference; fileEncoding = 4; lastKnownFileType = sourcecode.swift; path = AccountModel.swift; sourceTree = "<group>"; };
		1B368E6F2BD89E5E00E10464 /* CodeImageCacheModel.swift */ = {isa = PBXFileReference; fileEncoding = 4; lastKnownFileType = sourcecode.swift; path = CodeImageCacheModel.swift; sourceTree = "<group>"; };
		1B368E702BD89E5E00E10464 /* CodeModel.swift */ = {isa = PBXFileReference; fileEncoding = 4; lastKnownFileType = sourcecode.swift; path = CodeModel.swift; sourceTree = "<group>"; };
		1B368E712BD89E5E00E10464 /* ColorModel.swift */ = {isa = PBXFileReference; fileEncoding = 4; lastKnownFileType = sourcecode.swift; path = ColorModel.swift; sourceTree = "<group>"; };
		1B368E722BD89E5E00E10464 /* ContactModel.swift */ = {isa = PBXFileReference; fileEncoding = 4; lastKnownFileType = sourcecode.swift; path = ContactModel.swift; sourceTree = "<group>"; };
		1B368E732BD89E5E00E10464 /* DynamicColorModel.swift */ = {isa = PBXFileReference; fileEncoding = 4; lastKnownFileType = sourcecode.swift; path = DynamicColorModel.swift; sourceTree = "<group>"; };
		1B368E742BD89E5E00E10464 /* PointModel.swift */ = {isa = PBXFileReference; fileEncoding = 4; lastKnownFileType = sourcecode.swift; path = PointModel.swift; sourceTree = "<group>"; };
		1B368E752BD89E5E00E10464 /* TagModel.swift */ = {isa = PBXFileReference; fileEncoding = 4; lastKnownFileType = sourcecode.swift; path = TagModel.swift; sourceTree = "<group>"; };
		1B368E762BD89E5E00E10464 /* ThemeModel.swift */ = {isa = PBXFileReference; fileEncoding = 4; lastKnownFileType = sourcecode.swift; path = ThemeModel.swift; sourceTree = "<group>"; };
		1B368E812BD89E8B00E10464 /* CodeGenerator.swift */ = {isa = PBXFileReference; lastKnownFileType = sourcecode.swift; path = CodeGenerator.swift; sourceTree = "<group>"; };
		1B368E832BD89EBA00E10464 /* Localizable.xcstrings */ = {isa = PBXFileReference; fileEncoding = 4; lastKnownFileType = text.json.xcstrings; path = Localizable.xcstrings; sourceTree = "<group>"; };
		1B368E852BD89ECB00E10464 /* ThemeManager.swift */ = {isa = PBXFileReference; fileEncoding = 4; lastKnownFileType = sourcecode.swift; path = ThemeManager.swift; sourceTree = "<group>"; };
		1B368EC12BD8A09E00E10464 /* AdLoader.swift */ = {isa = PBXFileReference; fileEncoding = 4; lastKnownFileType = sourcecode.swift; path = AdLoader.swift; sourceTree = "<group>"; };
		1B368EC22BD8A09E00E10464 /* GADNativeAd+Extensions.swift */ = {isa = PBXFileReference; fileEncoding = 4; lastKnownFileType = sourcecode.swift; path = "GADNativeAd+Extensions.swift"; sourceTree = "<group>"; };
		1B368EC32BD8A09E00E10464 /* NativeAdView.swift */ = {isa = PBXFileReference; fileEncoding = 4; lastKnownFileType = sourcecode.swift; path = NativeAdView.swift; sourceTree = "<group>"; };
		1B368EC42BD8A09E00E10464 /* UnifiedNativeAdView.swift */ = {isa = PBXFileReference; fileEncoding = 4; lastKnownFileType = sourcecode.swift; path = UnifiedNativeAdView.swift; sourceTree = "<group>"; };
		1B368EC52BD8A09E00E10464 /* UnifiedNativeAdView.xib */ = {isa = PBXFileReference; fileEncoding = 4; lastKnownFileType = file.xib; path = UnifiedNativeAdView.xib; sourceTree = "<group>"; };
		1B368EC72BD8A09E00E10464 /* AdIDs.swift */ = {isa = PBXFileReference; fileEncoding = 4; lastKnownFileType = sourcecode.swift; path = AdIDs.swift; sourceTree = "<group>"; };
		1B368EC82BD8A09E00E10464 /* GoogleAd.swift */ = {isa = PBXFileReference; fileEncoding = 4; lastKnownFileType = sourcecode.swift; path = GoogleAd.swift; sourceTree = "<group>"; };
		1B368EC92BD8A09E00E10464 /* GoogleAdPrompt.swift */ = {isa = PBXFileReference; fileEncoding = 4; lastKnownFileType = sourcecode.swift; path = GoogleAdPrompt.swift; sourceTree = "<group>"; };
		1B368ED32BD8A1A300E10464 /* Notification.Name+Extensions.swift */ = {isa = PBXFileReference; lastKnownFileType = sourcecode.swift; path = "Notification.Name+Extensions.swift"; sourceTree = "<group>"; };
		1B368ED52BD8A23E00E10464 /* FirebaseFirestoreHelper.swift */ = {isa = PBXFileReference; fileEncoding = 4; lastKnownFileType = sourcecode.swift; path = FirebaseFirestoreHelper.swift; sourceTree = "<group>"; };
		1B368ED82BD8A27400E10464 /* CustomError.swift */ = {isa = PBXFileReference; fileEncoding = 4; lastKnownFileType = sourcecode.swift; path = CustomError.swift; sourceTree = "<group>"; };
		1B368EDA2BD8A27C00E10464 /* AuthManager.swift */ = {isa = PBXFileReference; fileEncoding = 4; lastKnownFileType = sourcecode.swift; path = AuthManager.swift; sourceTree = "<group>"; };
		1B368EDC2BD8D2A100E10464 /* GoogleService-Info.plist */ = {isa = PBXFileReference; fileEncoding = 4; lastKnownFileType = text.plist.xml; path = "GoogleService-Info.plist"; sourceTree = "<group>"; };
		1B368EDE2BD8D61200E10464 /* Info.plist */ = {isa = PBXFileReference; lastKnownFileType = text.plist; path = Info.plist; sourceTree = "<group>"; };
		1B9B2E542BD8F57200E5FDCC /* Launch Screen.storyboard */ = {isa = PBXFileReference; fileEncoding = 4; lastKnownFileType = file.storyboard; path = "Launch Screen.storyboard"; sourceTree = "<group>"; };
		1BA57F272BD8D92B00332FE1 /* ImageTextView.swift */ = {isa = PBXFileReference; fileEncoding = 4; lastKnownFileType = sourcecode.swift; path = ImageTextView.swift; sourceTree = "<group>"; };
		1BA57F292BD8DD6C00332FE1 /* PointHistoryView.swift */ = {isa = PBXFileReference; fileEncoding = 4; lastKnownFileType = sourcecode.swift; path = PointHistoryView.swift; sourceTree = "<group>"; };
		1BA57F2B2BD8DD9300332FE1 /* PointDescriptionView.swift */ = {isa = PBXFileReference; fileEncoding = 4; lastKnownFileType = sourcecode.swift; path = PointDescriptionView.swift; sourceTree = "<group>"; };
		1BA57F2C2BD8DD9300332FE1 /* PointHistoryCombineView.swift */ = {isa = PBXFileReference; fileEncoding = 4; lastKnownFileType = sourcecode.swift; path = PointHistoryCombineView.swift; sourceTree = "<group>"; };
		1BA57F2F2BD8DF3A00332FE1 /* WebView.swift */ = {isa = PBXFileReference; fileEncoding = 4; lastKnownFileType = sourcecode.swift; path = WebView.swift; sourceTree = "<group>"; };
		1BA57F312BD8E86500332FE1 /* AuthorizationButton.swift */ = {isa = PBXFileReference; fileEncoding = 4; lastKnownFileType = sourcecode.swift; path = AuthorizationButton.swift; sourceTree = "<group>"; };
		1BA57F332BD8E88C00332FE1 /* RoundedTextView.swift */ = {isa = PBXFileReference; fileEncoding = 4; lastKnownFileType = sourcecode.swift; path = RoundedTextView.swift; sourceTree = "<group>"; };
		1BA57F352BD8E89400332FE1 /* CheckboxView.swift */ = {isa = PBXFileReference; fileEncoding = 4; lastKnownFileType = sourcecode.swift; path = CheckboxView.swift; sourceTree = "<group>"; };
		1BA57F372BD8E8BA00332FE1 /* CodeListView.swift */ = {isa = PBXFileReference; fileEncoding = 4; lastKnownFileType = sourcecode.swift; path = CodeListView.swift; sourceTree = "<group>"; };
		1BA57F382BD8E8BA00332FE1 /* CodeDetailView.swift */ = {isa = PBXFileReference; fileEncoding = 4; lastKnownFileType = sourcecode.swift; path = CodeDetailView.swift; sourceTree = "<group>"; };
		1BA57F392BD8E8BA00332FE1 /* TagInputView.swift */ = {isa = PBXFileReference; fileEncoding = 4; lastKnownFileType = sourcecode.swift; path = TagInputView.swift; sourceTree = "<group>"; };
		1BA57F3A2BD8E8BA00332FE1 /* ThemeListView.swift */ = {isa = PBXFileReference; fileEncoding = 4; lastKnownFileType = sourcecode.swift; path = ThemeListView.swift; sourceTree = "<group>"; };
		1BA57F3B2BD8E8BA00332FE1 /* MakeQRCodeView.swift */ = {isa = PBXFileReference; fileEncoding = 4; lastKnownFileType = sourcecode.swift; path = MakeQRCodeView.swift; sourceTree = "<group>"; };
		1BA57F3C2BD8E8BA00332FE1 /* ScrollTabBarView.swift */ = {isa = PBXFileReference; fileEncoding = 4; lastKnownFileType = sourcecode.swift; path = ScrollTabBarView.swift; sourceTree = "<group>"; };
		1BA57F3D2BD8E8BA00332FE1 /* TagCloudView.swift */ = {isa = PBXFileReference; fileEncoding = 4; lastKnownFileType = sourcecode.swift; path = TagCloudView.swift; sourceTree = "<group>"; };
		1BA57F3E2BD8E8BA00332FE1 /* TableRowView.swift */ = {isa = PBXFileReference; fileEncoding = 4; lastKnownFileType = sourcecode.swift; path = TableRowView.swift; sourceTree = "<group>"; };
		1BA57F3F2BD8E8BA00332FE1 /* HomeView.swift */ = {isa = PBXFileReference; fileEncoding = 4; lastKnownFileType = sourcecode.swift; path = HomeView.swift; sourceTree = "<group>"; };
		1BA57F402BD8E8BB00332FE1 /* SignInView.swift */ = {isa = PBXFileReference; fileEncoding = 4; lastKnownFileType = sourcecode.swift; path = SignInView.swift; sourceTree = "<group>"; };
		1BA57F412BD8E8BB00332FE1 /* ThemeColorSettingView.swift */ = {isa = PBXFileReference; fileEncoding = 4; lastKnownFileType = sourcecode.swift; path = ThemeColorSettingView.swift; sourceTree = "<group>"; };
		1BA57F422BD8E8BB00332FE1 /* ConatctInputView.swift */ = {isa = PBXFileReference; fileEncoding = 4; lastKnownFileType = sourcecode.swift; path = ConatctInputView.swift; sourceTree = "<group>"; };
		1BA57F432BD8E8BB00332FE1 /* ColorPickerView.swift */ = {isa = PBXFileReference; fileEncoding = 4; lastKnownFileType = sourcecode.swift; path = ColorPickerView.swift; sourceTree = "<group>"; };
		1BA57F442BD8E8BB00332FE1 /* ScrollSelectButtonView.swift */ = {isa = PBXFileReference; fileEncoding = 4; lastKnownFileType = sourcecode.swift; path = ScrollSelectButtonView.swift; sourceTree = "<group>"; };
		1BA57F452BD8E8BB00332FE1 /* TextFieldView.swift */ = {isa = PBXFileReference; fileEncoding = 4; lastKnownFileType = sourcecode.swift; path = TextFieldView.swift; sourceTree = "<group>"; };
		1BA57F462BD8E8BB00332FE1 /* FavoriteCodeListScrollView.swift */ = {isa = PBXFileReference; fileEncoding = 4; lastKnownFileType = sourcecode.swift; path = FavoriteCodeListScrollView.swift; sourceTree = "<group>"; };
		1BA57F472BD8E8BB00332FE1 /* MakeBarCodeView.swift */ = {isa = PBXFileReference; fileEncoding = 4; lastKnownFileType = sourcecode.swift; path = MakeBarCodeView.swift; sourceTree = "<group>"; };
		1BA57F482BD8E8BB00332FE1 /* CodeView.swift */ = {isa = PBXFileReference; fileEncoding = 4; lastKnownFileType = sourcecode.swift; path = CodeView.swift; sourceTree = "<group>"; };
		1BA57F492BD8E8BB00332FE1 /* DeleteAccountConfirmView.swift */ = {isa = PBXFileReference; fileEncoding = 4; lastKnownFileType = sourcecode.swift; path = DeleteAccountConfirmView.swift; sourceTree = "<group>"; };
		1BA57F4A2BD8E8BB00332FE1 /* AppTitleView.swift */ = {isa = PBXFileReference; fileEncoding = 4; lastKnownFileType = sourcecode.swift; path = AppTitleView.swift; sourceTree = "<group>"; };
		1BA57F4B2BD8E8BC00332FE1 /* ThemeSettingView.swift */ = {isa = PBXFileReference; fileEncoding = 4; lastKnownFileType = sourcecode.swift; path = ThemeSettingView.swift; sourceTree = "<group>"; };
		1BF9FDDB2BD77A7A00135E83 /* QrcodeGenerator2.app */ = {isa = PBXFileReference; explicitFileType = wrapper.application; includeInIndex = 0; path = QrcodeGenerator2.app; sourceTree = BUILT_PRODUCTS_DIR; };
		1BF9FDDE2BD77A7A00135E83 /* QrcodeGenerator2App.swift */ = {isa = PBXFileReference; lastKnownFileType = sourcecode.swift; path = QrcodeGenerator2App.swift; sourceTree = "<group>"; };
		1BF9FDE02BD77A7A00135E83 /* ContentView.swift */ = {isa = PBXFileReference; lastKnownFileType = sourcecode.swift; path = ContentView.swift; sourceTree = "<group>"; };
		1BF9FDE22BD77A7C00135E83 /* Assets.xcassets */ = {isa = PBXFileReference; lastKnownFileType = folder.assetcatalog; path = Assets.xcassets; sourceTree = "<group>"; };
		1BF9FDE52BD77A7C00135E83 /* Preview Assets.xcassets */ = {isa = PBXFileReference; lastKnownFileType = folder.assetcatalog; path = "Preview Assets.xcassets"; sourceTree = "<group>"; };
		1BF9FDEC2BD77B4900135E83 /* Color+Extensions.swift */ = {isa = PBXFileReference; fileEncoding = 4; lastKnownFileType = sourcecode.swift; path = "Color+Extensions.swift"; sourceTree = "<group>"; };
		1BF9FDED2BD77B4900135E83 /* Date+Extensions.swift */ = {isa = PBXFileReference; fileEncoding = 4; lastKnownFileType = sourcecode.swift; path = "Date+Extensions.swift"; sourceTree = "<group>"; };
		1BF9FDEE2BD77B4900135E83 /* Realm.Object+Extensions.swift */ = {isa = PBXFileReference; fileEncoding = 4; lastKnownFileType = sourcecode.swift; path = "Realm.Object+Extensions.swift"; sourceTree = "<group>"; };
		1BF9FDEF2BD77B4900135E83 /* Realm+Extensions.swift */ = {isa = PBXFileReference; fileEncoding = 4; lastKnownFileType = sourcecode.swift; path = "Realm+Extensions.swift"; sourceTree = "<group>"; };
		1BF9FDF02BD77B4900135E83 /* String+Extensions.swift */ = {isa = PBXFileReference; fileEncoding = 4; lastKnownFileType = sourcecode.swift; path = "String+Extensions.swift"; sourceTree = "<group>"; };
		1BF9FDF12BD77B4900135E83 /* UIApplication+Extensions.swift */ = {isa = PBXFileReference; fileEncoding = 4; lastKnownFileType = sourcecode.swift; path = "UIApplication+Extensions.swift"; sourceTree = "<group>"; };
		1BF9FDF22BD77B4900135E83 /* URL+Extensions.swift */ = {isa = PBXFileReference; fileEncoding = 4; lastKnownFileType = sourcecode.swift; path = "URL+Extensions.swift"; sourceTree = "<group>"; };
		1BF9FDF32BD77B4900135E83 /* View+Extensions.swift */ = {isa = PBXFileReference; fileEncoding = 4; lastKnownFileType = sourcecode.swift; path = "View+Extensions.swift"; sourceTree = "<group>"; };
/* End PBXFileReference section */

/* Begin PBXFrameworksBuildPhase section */
		1BF9FDD82BD77A7A00135E83 /* Frameworks */ = {
			isa = PBXFrameworksBuildPhase;
			buildActionMask = 2147483647;
			files = (
				1BA57F632BD8E90600332FE1 /* ActivityView in Frameworks */,
				1B368E5C2BD8921400E10464 /* GoogleSignInSwift in Frameworks */,
				1B368E452BD88D0300E10464 /* FirebaseAnalyticsSwift in Frameworks */,
				1B368E492BD88D0300E10464 /* FirebaseAuth in Frameworks */,
				1B368E652BD898A400E10464 /* CachedAsyncImage in Frameworks */,
				1B368E552BD88D0300E10464 /* FirebasePerformance in Frameworks */,
				1BF9FE012BD77B9E00135E83 /* RealmSwift in Frameworks */,
				1B368E622BD8960700E10464 /* ActivityIndicatorView in Frameworks */,
				1B368E512BD88D0300E10464 /* FirebaseFirestore in Frameworks */,
				1B368E4F2BD88D0300E10464 /* FirebaseDatabaseSwift in Frameworks */,
				1B368E532BD88D0300E10464 /* FirebaseFirestoreSwift in Frameworks */,
				1BA57F662BD8EC2200332FE1 /* SwiftUIFlowLayout in Frameworks */,
				1B368E4B2BD88D0300E10464 /* FirebaseCrashlytics in Frameworks */,
				1B368E572BD88D0300E10464 /* FirebaseStorage in Frameworks */,
				1BF9FDFF2BD77B9E00135E83 /* Realm in Frameworks */,
				1B368E472BD88D0300E10464 /* FirebaseAppCheck in Frameworks */,
				1B368E5F2BD8940F00E10464 /* GoogleMobileAds in Frameworks */,
				1B368E4D2BD88D0300E10464 /* FirebaseDatabase in Frameworks */,
				1B368E432BD88D0300E10464 /* FirebaseAnalytics in Frameworks */,
				1B368E682BD898BD00E10464 /* Marquee in Frameworks */,
				1B368E5A2BD8921400E10464 /* GoogleSignIn in Frameworks */,
			);
			runOnlyForDeploymentPostprocessing = 0;
		};
/* End PBXFrameworksBuildPhase section */

/* Begin PBXGroup section */
		1B368E6B2BD89CA300E10464 /* View */ = {
			isa = PBXGroup;
			children = (
				1BA57F4A2BD8E8BB00332FE1 /* AppTitleView.swift */,
				1BA57F382BD8E8BA00332FE1 /* CodeDetailView.swift */,
				1BA57F372BD8E8BA00332FE1 /* CodeListView.swift */,
				1BA57F482BD8E8BB00332FE1 /* CodeView.swift */,
				1BA57F432BD8E8BB00332FE1 /* ColorPickerView.swift */,
				1BA57F422BD8E8BB00332FE1 /* ConatctInputView.swift */,
				1BA57F492BD8E8BB00332FE1 /* DeleteAccountConfirmView.swift */,
				1BA57F462BD8E8BB00332FE1 /* FavoriteCodeListScrollView.swift */,
				1BA57F3F2BD8E8BA00332FE1 /* HomeView.swift */,
				1BA57F472BD8E8BB00332FE1 /* MakeBarCodeView.swift */,
				1BA57F3B2BD8E8BA00332FE1 /* MakeQRCodeView.swift */,
				1BA57F442BD8E8BB00332FE1 /* ScrollSelectButtonView.swift */,
				1BA57F3C2BD8E8BA00332FE1 /* ScrollTabBarView.swift */,
				1BA57F402BD8E8BB00332FE1 /* SignInView.swift */,
				1BA57F3E2BD8E8BA00332FE1 /* TableRowView.swift */,
				1BA57F3D2BD8E8BA00332FE1 /* TagCloudView.swift */,
				1BA57F392BD8E8BA00332FE1 /* TagInputView.swift */,
				1BA57F452BD8E8BB00332FE1 /* TextFieldView.swift */,
				1BA57F412BD8E8BB00332FE1 /* ThemeColorSettingView.swift */,
				1BA57F3A2BD8E8BA00332FE1 /* ThemeListView.swift */,
				1BA57F4B2BD8E8BC00332FE1 /* ThemeSettingView.swift */,
				1BF9FDE02BD77A7A00135E83 /* ContentView.swift */,
				1BA57F352BD8E89400332FE1 /* CheckboxView.swift */,
				1BA57F332BD8E88C00332FE1 /* RoundedTextView.swift */,
				1BA57F312BD8E86500332FE1 /* AuthorizationButton.swift */,
				1BA57F2F2BD8DF3A00332FE1 /* WebView.swift */,
				1BA57F272BD8D92B00332FE1 /* ImageTextView.swift */,
				1BA57F292BD8DD6C00332FE1 /* PointHistoryView.swift */,
				1BA57F2B2BD8DD9300332FE1 /* PointDescriptionView.swift */,
				1BA57F2C2BD8DD9300332FE1 /* PointHistoryCombineView.swift */,
			);
			path = View;
			sourceTree = "<group>";
		};
		1B368E772BD89E5E00E10464 /* Model */ = {
			isa = PBXGroup;
			children = (
				1B368E6E2BD89E5E00E10464 /* AccountModel.swift */,
				1B368E6F2BD89E5E00E10464 /* CodeImageCacheModel.swift */,
				1B368E702BD89E5E00E10464 /* CodeModel.swift */,
				1B368E712BD89E5E00E10464 /* ColorModel.swift */,
				1B368E722BD89E5E00E10464 /* ContactModel.swift */,
				1B368E732BD89E5E00E10464 /* DynamicColorModel.swift */,
				1B368E742BD89E5E00E10464 /* PointModel.swift */,
				1B368E752BD89E5E00E10464 /* TagModel.swift */,
				1B368E762BD89E5E00E10464 /* ThemeModel.swift */,
			);
			path = Model;
			sourceTree = "<group>";
		};
		1B368EC62BD8A09E00E10464 /* nativeAd */ = {
			isa = PBXGroup;
			children = (
				1B368EC12BD8A09E00E10464 /* AdLoader.swift */,
				1B368EC22BD8A09E00E10464 /* GADNativeAd+Extensions.swift */,
				1B368EC32BD8A09E00E10464 /* NativeAdView.swift */,
				1B368EC42BD8A09E00E10464 /* UnifiedNativeAdView.swift */,
				1B368EC52BD8A09E00E10464 /* UnifiedNativeAdView.xib */,
			);
			path = nativeAd;
			sourceTree = "<group>";
		};
		1B368ECA2BD8A09E00E10464 /* GoogleAd */ = {
			isa = PBXGroup;
			children = (
				1B368EC62BD8A09E00E10464 /* nativeAd */,
				1B368EC72BD8A09E00E10464 /* AdIDs.swift */,
				1B368EC82BD8A09E00E10464 /* GoogleAd.swift */,
				1B368EC92BD8A09E00E10464 /* GoogleAdPrompt.swift */,
			);
			path = GoogleAd;
			sourceTree = "<group>";
		};
		1B368ED62BD8A23E00E10464 /* Firebase */ = {
			isa = PBXGroup;
			children = (
				1B368ED52BD8A23E00E10464 /* FirebaseFirestoreHelper.swift */,
			);
			path = Firebase;
			sourceTree = "<group>";
		};
		1BF9FDD22BD77A7A00135E83 = {
			isa = PBXGroup;
			children = (
				1B9B2E542BD8F57200E5FDCC /* Launch Screen.storyboard */,
				1B368ED62BD8A23E00E10464 /* Firebase */,
				1B368ECA2BD8A09E00E10464 /* GoogleAd */,
				1BF9FDF42BD77B4900135E83 /* Extensions */,
				1BF9FDDD2BD77A7A00135E83 /* QrcodeGenerator2 */,
				1BF9FDDC2BD77A7A00135E83 /* Products */,
			);
			sourceTree = "<group>";
		};
		1BF9FDDC2BD77A7A00135E83 /* Products */ = {
			isa = PBXGroup;
			children = (
				1BF9FDDB2BD77A7A00135E83 /* QrcodeGenerator2.app */,
			);
			name = Products;
			sourceTree = "<group>";
		};
		1BF9FDDD2BD77A7A00135E83 /* QrcodeGenerator2 */ = {
			isa = PBXGroup;
			children = (
				1B368EDE2BD8D61200E10464 /* Info.plist */,
				1B368EDC2BD8D2A100E10464 /* GoogleService-Info.plist */,
				1B368EDA2BD8A27C00E10464 /* AuthManager.swift */,
				1B368ED82BD8A27400E10464 /* CustomError.swift */,
				1B368E812BD89E8B00E10464 /* CodeGenerator.swift */,
				1B368E852BD89ECB00E10464 /* ThemeManager.swift */,
				1B368E772BD89E5E00E10464 /* Model */,
				1B368E6B2BD89CA300E10464 /* View */,
				1B368E692BD89C8300E10464 /* HTML */,
				1BF9FDDE2BD77A7A00135E83 /* QrcodeGenerator2App.swift */,
				1BF9FDE22BD77A7C00135E83 /* Assets.xcassets */,
				1B368E832BD89EBA00E10464 /* Localizable.xcstrings */,
				1BF9FDE42BD77A7C00135E83 /* Preview Content */,
			);
			path = QrcodeGenerator2;
			sourceTree = "<group>";
		};
		1BF9FDE42BD77A7C00135E83 /* Preview Content */ = {
			isa = PBXGroup;
			children = (
				1BF9FDE52BD77A7C00135E83 /* Preview Assets.xcassets */,
			);
			path = "Preview Content";
			sourceTree = "<group>";
		};
		1BF9FDF42BD77B4900135E83 /* Extensions */ = {
			isa = PBXGroup;
			children = (
				1BF9FDEC2BD77B4900135E83 /* Color+Extensions.swift */,
				1BF9FDED2BD77B4900135E83 /* Date+Extensions.swift */,
				1BF9FDEE2BD77B4900135E83 /* Realm.Object+Extensions.swift */,
				1BF9FDEF2BD77B4900135E83 /* Realm+Extensions.swift */,
				1BF9FDF02BD77B4900135E83 /* String+Extensions.swift */,
				1BF9FDF12BD77B4900135E83 /* UIApplication+Extensions.swift */,
				1BF9FDF22BD77B4900135E83 /* URL+Extensions.swift */,
				1BF9FDF32BD77B4900135E83 /* View+Extensions.swift */,
				1B368ED32BD8A1A300E10464 /* Notification.Name+Extensions.swift */,
			);
			path = Extensions;
			sourceTree = "<group>";
		};
/* End PBXGroup section */

/* Begin PBXNativeTarget section */
		1BF9FDDA2BD77A7A00135E83 /* QrcodeGenerator2 */ = {
			isa = PBXNativeTarget;
			buildConfigurationList = 1BF9FDE92BD77A7C00135E83 /* Build configuration list for PBXNativeTarget "QrcodeGenerator2" */;
			buildPhases = (
				1BF9FDD72BD77A7A00135E83 /* Sources */,
				1BF9FDD82BD77A7A00135E83 /* Frameworks */,
				1BF9FDD92BD77A7A00135E83 /* Resources */,
			);
			buildRules = (
			);
			dependencies = (
			);
			name = QrcodeGenerator2;
			packageProductDependencies = (
				1BF9FDFE2BD77B9E00135E83 /* Realm */,
				1BF9FE002BD77B9E00135E83 /* RealmSwift */,
				1B368E422BD88D0300E10464 /* FirebaseAnalytics */,
				1B368E442BD88D0300E10464 /* FirebaseAnalyticsSwift */,
				1B368E462BD88D0300E10464 /* FirebaseAppCheck */,
				1B368E482BD88D0300E10464 /* FirebaseAuth */,
				1B368E4A2BD88D0300E10464 /* FirebaseCrashlytics */,
				1B368E4C2BD88D0300E10464 /* FirebaseDatabase */,
				1B368E4E2BD88D0300E10464 /* FirebaseDatabaseSwift */,
				1B368E502BD88D0300E10464 /* FirebaseFirestore */,
				1B368E522BD88D0300E10464 /* FirebaseFirestoreSwift */,
				1B368E542BD88D0300E10464 /* FirebasePerformance */,
				1B368E562BD88D0300E10464 /* FirebaseStorage */,
				1B368E592BD8921400E10464 /* GoogleSignIn */,
				1B368E5B2BD8921400E10464 /* GoogleSignInSwift */,
				1B368E5E2BD8940F00E10464 /* GoogleMobileAds */,
				1B368E612BD8960700E10464 /* ActivityIndicatorView */,
				1B368E642BD898A400E10464 /* CachedAsyncImage */,
				1B368E672BD898BD00E10464 /* Marquee */,
				1BA57F622BD8E90600332FE1 /* ActivityView */,
				1BA57F652BD8EC2200332FE1 /* SwiftUIFlowLayout */,
			);
			productName = QrcodeGenerator2;
			productReference = 1BF9FDDB2BD77A7A00135E83 /* QrcodeGenerator2.app */;
			productType = "com.apple.product-type.application";
		};
/* End PBXNativeTarget section */

/* Begin PBXProject section */
		1BF9FDD32BD77A7A00135E83 /* Project object */ = {
			isa = PBXProject;
			attributes = {
				BuildIndependentTargetsInParallel = 1;
				LastSwiftUpdateCheck = 1530;
				LastUpgradeCheck = 1530;
				TargetAttributes = {
					1BF9FDDA2BD77A7A00135E83 = {
						CreatedOnToolsVersion = 15.3;
					};
				};
			};
			buildConfigurationList = 1BF9FDD62BD77A7A00135E83 /* Build configuration list for PBXProject "QrcodeGenerator2" */;
			compatibilityVersion = "Xcode 14.0";
			developmentRegion = en;
			hasScannedForEncodings = 0;
			knownRegions = (
				en,
				Base,
				ko,
			);
			mainGroup = 1BF9FDD22BD77A7A00135E83;
			packageReferences = (
				1BF9FDFD2BD77B9E00135E83 /* XCRemoteSwiftPackageReference "realm-swift" */,
				1B368E412BD88D0300E10464 /* XCRemoteSwiftPackageReference "firebase-ios-sdk" */,
				1B368E582BD8921400E10464 /* XCRemoteSwiftPackageReference "GoogleSignIn-ios" */,
				1B368E5D2BD8940F00E10464 /* XCRemoteSwiftPackageReference "swift-package-manager-google-mobile-ads" */,
				1B368E602BD8960700E10464 /* XCRemoteSwiftPackageReference "ActivityIndicatorView" */,
				1B368E632BD898A400E10464 /* XCRemoteSwiftPackageReference "swiftui-cached-async-image" */,
				1B368E662BD898BD00E10464 /* XCRemoteSwiftPackageReference "Marquee" */,
				1BA57F612BD8E90600332FE1 /* XCRemoteSwiftPackageReference "ActivityView" */,
				1BA57F642BD8EC2200332FE1 /* XCRemoteSwiftPackageReference "swiftui-flow-layout" */,
			);
			productRefGroup = 1BF9FDDC2BD77A7A00135E83 /* Products */;
			projectDirPath = "";
			projectRoot = "";
			targets = (
				1BF9FDDA2BD77A7A00135E83 /* QrcodeGenerator2 */,
			);
		};
/* End PBXProject section */

/* Begin PBXResourcesBuildPhase section */
		1BF9FDD92BD77A7A00135E83 /* Resources */ = {
			isa = PBXResourcesBuildPhase;
			buildActionMask = 2147483647;
			files = (
				1BF9FDE62BD77A7C00135E83 /* Preview Assets.xcassets in Resources */,
				1B368E6A2BD89C8300E10464 /* HTML in Resources */,
				1B368E842BD89EBA00E10464 /* Localizable.xcstrings in Resources */,
				1BF9FDE32BD77A7C00135E83 /* Assets.xcassets in Resources */,
				1B368ECF2BD8A09E00E10464 /* UnifiedNativeAdView.xib in Resources */,
				1B368EDD2BD8D2A100E10464 /* GoogleService-Info.plist in Resources */,
				1B9B2E552BD8F57200E5FDCC /* Launch Screen.storyboard in Resources */,
			);
			runOnlyForDeploymentPostprocessing = 0;
		};
/* End PBXResourcesBuildPhase section */

/* Begin PBXSourcesBuildPhase section */
		1BF9FDD72BD77A7A00135E83 /* Sources */ = {
			isa = PBXSourcesBuildPhase;
			buildActionMask = 2147483647;
			files = (
				1BA57F4F2BD8E8BC00332FE1 /* ThemeListView.swift in Sources */,
				1BA57F302BD8DF3A00332FE1 /* WebView.swift in Sources */,
				1BF9FDE12BD77A7A00135E83 /* ContentView.swift in Sources */,
				1B368E7A2BD89E5E00E10464 /* CodeModel.swift in Sources */,
				1B368ECC2BD8A09E00E10464 /* GADNativeAd+Extensions.swift in Sources */,
				1BA57F5C2BD8E8BC00332FE1 /* MakeBarCodeView.swift in Sources */,
				1BF9FDF92BD77B4900135E83 /* String+Extensions.swift in Sources */,
				1BA57F502BD8E8BC00332FE1 /* MakeQRCodeView.swift in Sources */,
				1BA57F2E2BD8DD9300332FE1 /* PointHistoryCombineView.swift in Sources */,
				1BA57F532BD8E8BC00332FE1 /* TableRowView.swift in Sources */,
				1B368E7E2BD89E5E00E10464 /* PointModel.swift in Sources */,
				1BF9FDF82BD77B4900135E83 /* Realm+Extensions.swift in Sources */,
				1B368ECE2BD8A09E00E10464 /* UnifiedNativeAdView.swift in Sources */,
				1BF9FDF72BD77B4900135E83 /* Realm.Object+Extensions.swift in Sources */,
				1BA57F562BD8E8BC00332FE1 /* ThemeColorSettingView.swift in Sources */,
				1BA57F5F2BD8E8BC00332FE1 /* AppTitleView.swift in Sources */,
				1BA57F2D2BD8DD9300332FE1 /* PointDescriptionView.swift in Sources */,
				1B368E802BD89E5E00E10464 /* ThemeModel.swift in Sources */,
				1BA57F4D2BD8E8BC00332FE1 /* CodeDetailView.swift in Sources */,
				1BF9FDFB2BD77B4900135E83 /* URL+Extensions.swift in Sources */,
				1BF9FDF62BD77B4900135E83 /* Date+Extensions.swift in Sources */,
				1B368ED12BD8A09E00E10464 /* GoogleAd.swift in Sources */,
				1BA57F572BD8E8BC00332FE1 /* ConatctInputView.swift in Sources */,
				1BA57F582BD8E8BC00332FE1 /* ColorPickerView.swift in Sources */,
				1B368E792BD89E5E00E10464 /* CodeImageCacheModel.swift in Sources */,
				1B368E782BD89E5E00E10464 /* AccountModel.swift in Sources */,
				1B368E7C2BD89E5E00E10464 /* ContactModel.swift in Sources */,
				1B368ED22BD8A09E00E10464 /* GoogleAdPrompt.swift in Sources */,
				1BF9FDDF2BD77A7A00135E83 /* QrcodeGenerator2App.swift in Sources */,
				1B368ECB2BD8A09E00E10464 /* AdLoader.swift in Sources */,
				1B368E7F2BD89E5E00E10464 /* TagModel.swift in Sources */,
				1BA57F522BD8E8BC00332FE1 /* TagCloudView.swift in Sources */,
				1BA57F4E2BD8E8BC00332FE1 /* TagInputView.swift in Sources */,
				1B368E822BD89E8C00E10464 /* CodeGenerator.swift in Sources */,
				1BA57F542BD8E8BC00332FE1 /* HomeView.swift in Sources */,
				1BA57F362BD8E89400332FE1 /* CheckboxView.swift in Sources */,
				1BF9FDFA2BD77B4900135E83 /* UIApplication+Extensions.swift in Sources */,
				1BA57F5E2BD8E8BC00332FE1 /* DeleteAccountConfirmView.swift in Sources */,
				1B368ED02BD8A09E00E10464 /* AdIDs.swift in Sources */,
				1BA57F5A2BD8E8BC00332FE1 /* TextFieldView.swift in Sources */,
				1BA57F2A2BD8DD6C00332FE1 /* PointHistoryView.swift in Sources */,
				1BA57F592BD8E8BC00332FE1 /* ScrollSelectButtonView.swift in Sources */,
				1BA57F552BD8E8BC00332FE1 /* SignInView.swift in Sources */,
				1BA57F282BD8D92B00332FE1 /* ImageTextView.swift in Sources */,
				1BA57F322BD8E86500332FE1 /* AuthorizationButton.swift in Sources */,
				1BA57F512BD8E8BC00332FE1 /* ScrollTabBarView.swift in Sources */,
				1BA57F4C2BD8E8BC00332FE1 /* CodeListView.swift in Sources */,
				1BA57F342BD8E88C00332FE1 /* RoundedTextView.swift in Sources */,
				1BF9FDFC2BD77B4900135E83 /* View+Extensions.swift in Sources */,
				1BF9FDF52BD77B4900135E83 /* Color+Extensions.swift in Sources */,
				1B368ECD2BD8A09E00E10464 /* NativeAdView.swift in Sources */,
				1BA57F5B2BD8E8BC00332FE1 /* FavoriteCodeListScrollView.swift in Sources */,
				1B368EDB2BD8A27C00E10464 /* AuthManager.swift in Sources */,
				1B368ED42BD8A1A300E10464 /* Notification.Name+Extensions.swift in Sources */,
				1B368ED92BD8A27400E10464 /* CustomError.swift in Sources */,
				1B368E7D2BD89E5E00E10464 /* DynamicColorModel.swift in Sources */,
				1BA57F602BD8E8BC00332FE1 /* ThemeSettingView.swift in Sources */,
				1B368E7B2BD89E5E00E10464 /* ColorModel.swift in Sources */,
				1B368ED72BD8A23E00E10464 /* FirebaseFirestoreHelper.swift in Sources */,
				1B368E862BD89ECB00E10464 /* ThemeManager.swift in Sources */,
				1BA57F5D2BD8E8BC00332FE1 /* CodeView.swift in Sources */,
			);
			runOnlyForDeploymentPostprocessing = 0;
		};
/* End PBXSourcesBuildPhase section */

/* Begin XCBuildConfiguration section */
		1BF9FDE72BD77A7C00135E83 /* Debug */ = {
			isa = XCBuildConfiguration;
			buildSettings = {
				ALWAYS_SEARCH_USER_PATHS = NO;
				ASSETCATALOG_COMPILER_GENERATE_SWIFT_ASSET_SYMBOL_EXTENSIONS = YES;
				CLANG_ANALYZER_NONNULL = YES;
				CLANG_ANALYZER_NUMBER_OBJECT_CONVERSION = YES_AGGRESSIVE;
				CLANG_CXX_LANGUAGE_STANDARD = "gnu++20";
				CLANG_ENABLE_MODULES = YES;
				CLANG_ENABLE_OBJC_ARC = YES;
				CLANG_ENABLE_OBJC_WEAK = YES;
				CLANG_WARN_BLOCK_CAPTURE_AUTORELEASING = YES;
				CLANG_WARN_BOOL_CONVERSION = YES;
				CLANG_WARN_COMMA = YES;
				CLANG_WARN_CONSTANT_CONVERSION = YES;
				CLANG_WARN_DEPRECATED_OBJC_IMPLEMENTATIONS = YES;
				CLANG_WARN_DIRECT_OBJC_ISA_USAGE = YES_ERROR;
				CLANG_WARN_DOCUMENTATION_COMMENTS = YES;
				CLANG_WARN_EMPTY_BODY = YES;
				CLANG_WARN_ENUM_CONVERSION = YES;
				CLANG_WARN_INFINITE_RECURSION = YES;
				CLANG_WARN_INT_CONVERSION = YES;
				CLANG_WARN_NON_LITERAL_NULL_CONVERSION = YES;
				CLANG_WARN_OBJC_IMPLICIT_RETAIN_SELF = YES;
				CLANG_WARN_OBJC_LITERAL_CONVERSION = YES;
				CLANG_WARN_OBJC_ROOT_CLASS = YES_ERROR;
				CLANG_WARN_QUOTED_INCLUDE_IN_FRAMEWORK_HEADER = YES;
				CLANG_WARN_RANGE_LOOP_ANALYSIS = YES;
				CLANG_WARN_STRICT_PROTOTYPES = YES;
				CLANG_WARN_SUSPICIOUS_MOVE = YES;
				CLANG_WARN_UNGUARDED_AVAILABILITY = YES_AGGRESSIVE;
				CLANG_WARN_UNREACHABLE_CODE = YES;
				CLANG_WARN__DUPLICATE_METHOD_MATCH = YES;
				COPY_PHASE_STRIP = NO;
				DEBUG_INFORMATION_FORMAT = dwarf;
				ENABLE_STRICT_OBJC_MSGSEND = YES;
				ENABLE_TESTABILITY = YES;
				ENABLE_USER_SCRIPT_SANDBOXING = YES;
				GCC_C_LANGUAGE_STANDARD = gnu17;
				GCC_DYNAMIC_NO_PIC = NO;
				GCC_NO_COMMON_BLOCKS = YES;
				GCC_OPTIMIZATION_LEVEL = 0;
				GCC_PREPROCESSOR_DEFINITIONS = (
					"DEBUG=1",
					"$(inherited)",
				);
				GCC_WARN_64_TO_32_BIT_CONVERSION = YES;
				GCC_WARN_ABOUT_RETURN_TYPE = YES_ERROR;
				GCC_WARN_UNDECLARED_SELECTOR = YES;
				GCC_WARN_UNINITIALIZED_AUTOS = YES_AGGRESSIVE;
				GCC_WARN_UNUSED_FUNCTION = YES;
				GCC_WARN_UNUSED_VARIABLE = YES;
				IPHONEOS_DEPLOYMENT_TARGET = 16.0;
				LOCALIZATION_PREFERS_STRING_CATALOGS = YES;
				MTL_ENABLE_DEBUG_INFO = INCLUDE_SOURCE;
				MTL_FAST_MATH = YES;
				ONLY_ACTIVE_ARCH = YES;
				SDKROOT = iphoneos;
				SWIFT_ACTIVE_COMPILATION_CONDITIONS = "DEBUG $(inherited)";
				SWIFT_OPTIMIZATION_LEVEL = "-Onone";
			};
			name = Debug;
		};
		1BF9FDE82BD77A7C00135E83 /* Release */ = {
			isa = XCBuildConfiguration;
			buildSettings = {
				ALWAYS_SEARCH_USER_PATHS = NO;
				ASSETCATALOG_COMPILER_GENERATE_SWIFT_ASSET_SYMBOL_EXTENSIONS = YES;
				CLANG_ANALYZER_NONNULL = YES;
				CLANG_ANALYZER_NUMBER_OBJECT_CONVERSION = YES_AGGRESSIVE;
				CLANG_CXX_LANGUAGE_STANDARD = "gnu++20";
				CLANG_ENABLE_MODULES = YES;
				CLANG_ENABLE_OBJC_ARC = YES;
				CLANG_ENABLE_OBJC_WEAK = YES;
				CLANG_WARN_BLOCK_CAPTURE_AUTORELEASING = YES;
				CLANG_WARN_BOOL_CONVERSION = YES;
				CLANG_WARN_COMMA = YES;
				CLANG_WARN_CONSTANT_CONVERSION = YES;
				CLANG_WARN_DEPRECATED_OBJC_IMPLEMENTATIONS = YES;
				CLANG_WARN_DIRECT_OBJC_ISA_USAGE = YES_ERROR;
				CLANG_WARN_DOCUMENTATION_COMMENTS = YES;
				CLANG_WARN_EMPTY_BODY = YES;
				CLANG_WARN_ENUM_CONVERSION = YES;
				CLANG_WARN_INFINITE_RECURSION = YES;
				CLANG_WARN_INT_CONVERSION = YES;
				CLANG_WARN_NON_LITERAL_NULL_CONVERSION = YES;
				CLANG_WARN_OBJC_IMPLICIT_RETAIN_SELF = YES;
				CLANG_WARN_OBJC_LITERAL_CONVERSION = YES;
				CLANG_WARN_OBJC_ROOT_CLASS = YES_ERROR;
				CLANG_WARN_QUOTED_INCLUDE_IN_FRAMEWORK_HEADER = YES;
				CLANG_WARN_RANGE_LOOP_ANALYSIS = YES;
				CLANG_WARN_STRICT_PROTOTYPES = YES;
				CLANG_WARN_SUSPICIOUS_MOVE = YES;
				CLANG_WARN_UNGUARDED_AVAILABILITY = YES_AGGRESSIVE;
				CLANG_WARN_UNREACHABLE_CODE = YES;
				CLANG_WARN__DUPLICATE_METHOD_MATCH = YES;
				COPY_PHASE_STRIP = NO;
				DEBUG_INFORMATION_FORMAT = "dwarf-with-dsym";
				ENABLE_NS_ASSERTIONS = NO;
				ENABLE_STRICT_OBJC_MSGSEND = YES;
				ENABLE_USER_SCRIPT_SANDBOXING = YES;
				GCC_C_LANGUAGE_STANDARD = gnu17;
				GCC_NO_COMMON_BLOCKS = YES;
				GCC_WARN_64_TO_32_BIT_CONVERSION = YES;
				GCC_WARN_ABOUT_RETURN_TYPE = YES_ERROR;
				GCC_WARN_UNDECLARED_SELECTOR = YES;
				GCC_WARN_UNINITIALIZED_AUTOS = YES_AGGRESSIVE;
				GCC_WARN_UNUSED_FUNCTION = YES;
				GCC_WARN_UNUSED_VARIABLE = YES;
				IPHONEOS_DEPLOYMENT_TARGET = 16.0;
				LOCALIZATION_PREFERS_STRING_CATALOGS = YES;
				MTL_ENABLE_DEBUG_INFO = NO;
				MTL_FAST_MATH = YES;
				SDKROOT = iphoneos;
				SWIFT_COMPILATION_MODE = wholemodule;
				VALIDATE_PRODUCT = YES;
			};
			name = Release;
		};
		1BF9FDEA2BD77A7C00135E83 /* Debug */ = {
			isa = XCBuildConfiguration;
			buildSettings = {
				ASSETCATALOG_COMPILER_APPICON_NAME = AppIcon;
				ASSETCATALOG_COMPILER_GLOBAL_ACCENT_COLOR_NAME = AccentColor;
				CODE_SIGN_STYLE = Automatic;
				CURRENT_PROJECT_VERSION = 1;
				DEVELOPMENT_ASSET_PATHS = "\"QrcodeGenerator2/Preview Content\"";
				DEVELOPMENT_TEAM = QU9EPTU238;
				ENABLE_PREVIEWS = YES;
				GENERATE_INFOPLIST_FILE = YES;
				INFOPLIST_FILE = QrcodeGenerator2/Info.plist;
				INFOPLIST_KEY_UIApplicationSceneManifest_Generation = YES;
				INFOPLIST_KEY_UIApplicationSupportsIndirectInputEvents = YES;
				INFOPLIST_KEY_UILaunchScreen_Generation = YES;
				INFOPLIST_KEY_UILaunchStoryboardName = "Launch Screen.storyboard";
				INFOPLIST_KEY_UISupportedInterfaceOrientations_iPad = "UIInterfaceOrientationPortrait UIInterfaceOrientationPortraitUpsideDown UIInterfaceOrientationLandscapeLeft UIInterfaceOrientationLandscapeRight";
				INFOPLIST_KEY_UISupportedInterfaceOrientations_iPhone = "UIInterfaceOrientationPortrait UIInterfaceOrientationLandscapeLeft UIInterfaceOrientationLandscapeRight";
				LD_RUNPATH_SEARCH_PATHS = (
					"$(inherited)",
					"@executable_path/Frameworks",
				);
				MARKETING_VERSION = 1.1.1;
				PRODUCT_BUNDLE_IDENTIFIER = net.kongbaguni.qrcodegenerator;
				PRODUCT_NAME = "$(TARGET_NAME)";
				SWIFT_EMIT_LOC_STRINGS = YES;
				SWIFT_VERSION = 5.0;
				TARGETED_DEVICE_FAMILY = "1,2";
			};
			name = Debug;
		};
		1BF9FDEB2BD77A7C00135E83 /* Release */ = {
			isa = XCBuildConfiguration;
			buildSettings = {
				ASSETCATALOG_COMPILER_APPICON_NAME = AppIcon;
				ASSETCATALOG_COMPILER_GLOBAL_ACCENT_COLOR_NAME = AccentColor;
				CODE_SIGN_STYLE = Automatic;
				CURRENT_PROJECT_VERSION = 1;
				DEVELOPMENT_ASSET_PATHS = "\"QrcodeGenerator2/Preview Content\"";
				DEVELOPMENT_TEAM = QU9EPTU238;
				ENABLE_PREVIEWS = YES;
				GENERATE_INFOPLIST_FILE = YES;
				INFOPLIST_FILE = QrcodeGenerator2/Info.plist;
				INFOPLIST_KEY_UIApplicationSceneManifest_Generation = YES;
				INFOPLIST_KEY_UIApplicationSupportsIndirectInputEvents = YES;
				INFOPLIST_KEY_UILaunchScreen_Generation = YES;
				INFOPLIST_KEY_UILaunchStoryboardName = "Launch Screen.storyboard";
				INFOPLIST_KEY_UISupportedInterfaceOrientations_iPad = "UIInterfaceOrientationPortrait UIInterfaceOrientationPortraitUpsideDown UIInterfaceOrientationLandscapeLeft UIInterfaceOrientationLandscapeRight";
				INFOPLIST_KEY_UISupportedInterfaceOrientations_iPhone = "UIInterfaceOrientationPortrait UIInterfaceOrientationLandscapeLeft UIInterfaceOrientationLandscapeRight";
				LD_RUNPATH_SEARCH_PATHS = (
					"$(inherited)",
					"@executable_path/Frameworks",
				);
				MARKETING_VERSION = 1.1.1;
				PRODUCT_BUNDLE_IDENTIFIER = net.kongbaguni.qrcodegenerator;
				PRODUCT_NAME = "$(TARGET_NAME)";
				SWIFT_EMIT_LOC_STRINGS = YES;
				SWIFT_VERSION = 5.0;
				TARGETED_DEVICE_FAMILY = "1,2";
			};
			name = Release;
		};
/* End XCBuildConfiguration section */

/* Begin XCConfigurationList section */
		1BF9FDD62BD77A7A00135E83 /* Build configuration list for PBXProject "QrcodeGenerator2" */ = {
			isa = XCConfigurationList;
			buildConfigurations = (
				1BF9FDE72BD77A7C00135E83 /* Debug */,
				1BF9FDE82BD77A7C00135E83 /* Release */,
			);
			defaultConfigurationIsVisible = 0;
			defaultConfigurationName = Release;
		};
		1BF9FDE92BD77A7C00135E83 /* Build configuration list for PBXNativeTarget "QrcodeGenerator2" */ = {
			isa = XCConfigurationList;
			buildConfigurations = (
				1BF9FDEA2BD77A7C00135E83 /* Debug */,
				1BF9FDEB2BD77A7C00135E83 /* Release */,
			);
			defaultConfigurationIsVisible = 0;
			defaultConfigurationName = Release;
		};
/* End XCConfigurationList section */

/* Begin XCRemoteSwiftPackageReference section */
		1B368E412BD88D0300E10464 /* XCRemoteSwiftPackageReference "firebase-ios-sdk" */ = {
			isa = XCRemoteSwiftPackageReference;
			repositoryURL = "https://github.com/firebase/firebase-ios-sdk";
			requirement = {
				kind = upToNextMajorVersion;
				minimumVersion = 10.24.0;
			};
		};
		1B368E582BD8921400E10464 /* XCRemoteSwiftPackageReference "GoogleSignIn-ios" */ = {
			isa = XCRemoteSwiftPackageReference;
			repositoryURL = "https://github.com/google/GoogleSignIn-ios.git";
			requirement = {
				kind = upToNextMajorVersion;
				minimumVersion = 7.1.0;
			};
		};
		1B368E5D2BD8940F00E10464 /* XCRemoteSwiftPackageReference "swift-package-manager-google-mobile-ads" */ = {
			isa = XCRemoteSwiftPackageReference;
			repositoryURL = "https://github.com/googleads/swift-package-manager-google-mobile-ads.git";
			requirement = {
				kind = upToNextMajorVersion;
				minimumVersion = 11.3.0;
			};
		};
		1B368E602BD8960700E10464 /* XCRemoteSwiftPackageReference "ActivityIndicatorView" */ = {
			isa = XCRemoteSwiftPackageReference;
			repositoryURL = "https://github.com/exyte/ActivityIndicatorView.git";
			requirement = {
				kind = upToNextMajorVersion;
				minimumVersion = 1.1.1;
			};
		};
		1B368E632BD898A400E10464 /* XCRemoteSwiftPackageReference "swiftui-cached-async-image" */ = {
			isa = XCRemoteSwiftPackageReference;
			repositoryURL = "https://github.com/lorenzofiamingo/swiftui-cached-async-image";
			requirement = {
				kind = upToNextMajorVersion;
				minimumVersion = 2.1.1;
			};
		};
		1B368E662BD898BD00E10464 /* XCRemoteSwiftPackageReference "Marquee" */ = {
			isa = XCRemoteSwiftPackageReference;
			repositoryURL = "https://github.com/SwiftUIKit/Marquee";
			requirement = {
				kind = upToNextMajorVersion;
				minimumVersion = 0.3.0;
			};
		};
		1BA57F612BD8E90600332FE1 /* XCRemoteSwiftPackageReference "ActivityView" */ = {
			isa = XCRemoteSwiftPackageReference;
			repositoryURL = "https://github.com/SwiftUI-Plus/ActivityView.git";
			requirement = {
				kind = upToNextMajorVersion;
				minimumVersion = 1.2.0;
			};
		};
		1BA57F642BD8EC2200332FE1 /* XCRemoteSwiftPackageReference "swiftui-flow-layout" */ = {
			isa = XCRemoteSwiftPackageReference;
			repositoryURL = "https://github.com/globulus/swiftui-flow-layout";
			requirement = {
				kind = upToNextMajorVersion;
				minimumVersion = 1.0.5;
			};
		};
		1BF9FDFD2BD77B9E00135E83 /* XCRemoteSwiftPackageReference "realm-swift" */ = {
			isa = XCRemoteSwiftPackageReference;
			repositoryURL = "https://github.com/realm/realm-swift.git";
			requirement = {
				branch = master;
				kind = branch;
			};
		};
/* End XCRemoteSwiftPackageReference section */

/* Begin XCSwiftPackageProductDependency section */
		1B368E422BD88D0300E10464 /* FirebaseAnalytics */ = {
			isa = XCSwiftPackageProductDependency;
			package = 1B368E412BD88D0300E10464 /* XCRemoteSwiftPackageReference "firebase-ios-sdk" */;
			productName = FirebaseAnalytics;
		};
		1B368E442BD88D0300E10464 /* FirebaseAnalyticsSwift */ = {
			isa = XCSwiftPackageProductDependency;
			package = 1B368E412BD88D0300E10464 /* XCRemoteSwiftPackageReference "firebase-ios-sdk" */;
			productName = FirebaseAnalyticsSwift;
		};
		1B368E462BD88D0300E10464 /* FirebaseAppCheck */ = {
			isa = XCSwiftPackageProductDependency;
			package = 1B368E412BD88D0300E10464 /* XCRemoteSwiftPackageReference "firebase-ios-sdk" */;
			productName = FirebaseAppCheck;
		};
		1B368E482BD88D0300E10464 /* FirebaseAuth */ = {
			isa = XCSwiftPackageProductDependency;
			package = 1B368E412BD88D0300E10464 /* XCRemoteSwiftPackageReference "firebase-ios-sdk" */;
			productName = FirebaseAuth;
		};
		1B368E4A2BD88D0300E10464 /* FirebaseCrashlytics */ = {
			isa = XCSwiftPackageProductDependency;
			package = 1B368E412BD88D0300E10464 /* XCRemoteSwiftPackageReference "firebase-ios-sdk" */;
			productName = FirebaseCrashlytics;
		};
		1B368E4C2BD88D0300E10464 /* FirebaseDatabase */ = {
			isa = XCSwiftPackageProductDependency;
			package = 1B368E412BD88D0300E10464 /* XCRemoteSwiftPackageReference "firebase-ios-sdk" */;
			productName = FirebaseDatabase;
		};
		1B368E4E2BD88D0300E10464 /* FirebaseDatabaseSwift */ = {
			isa = XCSwiftPackageProductDependency;
			package = 1B368E412BD88D0300E10464 /* XCRemoteSwiftPackageReference "firebase-ios-sdk" */;
			productName = FirebaseDatabaseSwift;
		};
		1B368E502BD88D0300E10464 /* FirebaseFirestore */ = {
			isa = XCSwiftPackageProductDependency;
			package = 1B368E412BD88D0300E10464 /* XCRemoteSwiftPackageReference "firebase-ios-sdk" */;
			productName = FirebaseFirestore;
		};
		1B368E522BD88D0300E10464 /* FirebaseFirestoreSwift */ = {
			isa = XCSwiftPackageProductDependency;
			package = 1B368E412BD88D0300E10464 /* XCRemoteSwiftPackageReference "firebase-ios-sdk" */;
			productName = FirebaseFirestoreSwift;
		};
		1B368E542BD88D0300E10464 /* FirebasePerformance */ = {
			isa = XCSwiftPackageProductDependency;
			package = 1B368E412BD88D0300E10464 /* XCRemoteSwiftPackageReference "firebase-ios-sdk" */;
			productName = FirebasePerformance;
		};
		1B368E562BD88D0300E10464 /* FirebaseStorage */ = {
			isa = XCSwiftPackageProductDependency;
			package = 1B368E412BD88D0300E10464 /* XCRemoteSwiftPackageReference "firebase-ios-sdk" */;
			productName = FirebaseStorage;
		};
		1B368E592BD8921400E10464 /* GoogleSignIn */ = {
			isa = XCSwiftPackageProductDependency;
			package = 1B368E582BD8921400E10464 /* XCRemoteSwiftPackageReference "GoogleSignIn-ios" */;
			productName = GoogleSignIn;
		};
		1B368E5B2BD8921400E10464 /* GoogleSignInSwift */ = {
			isa = XCSwiftPackageProductDependency;
			package = 1B368E582BD8921400E10464 /* XCRemoteSwiftPackageReference "GoogleSignIn-ios" */;
			productName = GoogleSignInSwift;
		};
		1B368E5E2BD8940F00E10464 /* GoogleMobileAds */ = {
			isa = XCSwiftPackageProductDependency;
			package = 1B368E5D2BD8940F00E10464 /* XCRemoteSwiftPackageReference "swift-package-manager-google-mobile-ads" */;
			productName = GoogleMobileAds;
		};
		1B368E612BD8960700E10464 /* ActivityIndicatorView */ = {
			isa = XCSwiftPackageProductDependency;
			package = 1B368E602BD8960700E10464 /* XCRemoteSwiftPackageReference "ActivityIndicatorView" */;
			productName = ActivityIndicatorView;
		};
		1B368E642BD898A400E10464 /* CachedAsyncImage */ = {
			isa = XCSwiftPackageProductDependency;
			package = 1B368E632BD898A400E10464 /* XCRemoteSwiftPackageReference "swiftui-cached-async-image" */;
			productName = CachedAsyncImage;
		};
		1B368E672BD898BD00E10464 /* Marquee */ = {
			isa = XCSwiftPackageProductDependency;
			package = 1B368E662BD898BD00E10464 /* XCRemoteSwiftPackageReference "Marquee" */;
			productName = Marquee;
		};
		1BA57F622BD8E90600332FE1 /* ActivityView */ = {
			isa = XCSwiftPackageProductDependency;
			package = 1BA57F612BD8E90600332FE1 /* XCRemoteSwiftPackageReference "ActivityView" */;
			productName = ActivityView;
		};
		1BA57F652BD8EC2200332FE1 /* SwiftUIFlowLayout */ = {
			isa = XCSwiftPackageProductDependency;
			package = 1BA57F642BD8EC2200332FE1 /* XCRemoteSwiftPackageReference "swiftui-flow-layout" */;
			productName = SwiftUIFlowLayout;
		};
		1BF9FDFE2BD77B9E00135E83 /* Realm */ = {
			isa = XCSwiftPackageProductDependency;
			package = 1BF9FDFD2BD77B9E00135E83 /* XCRemoteSwiftPackageReference "realm-swift" */;
			productName = Realm;
		};
		1BF9FE002BD77B9E00135E83 /* RealmSwift */ = {
			isa = XCSwiftPackageProductDependency;
			package = 1BF9FDFD2BD77B9E00135E83 /* XCRemoteSwiftPackageReference "realm-swift" */;
			productName = RealmSwift;
		};
/* End XCSwiftPackageProductDependency section */
	};
	rootObject = 1BF9FDD32BD77A7A00135E83 /* Project object */;
}
